{
  "requires": true,
  "lockfileVersion": 1,
  "dependencies": {
    "@types/com.vmware.pscoe.library.ts.http": {
      "version": "file:../../../../Users/stanimirt/.m2/repository/com/vmware/pscoe/library/ts/http/2.0.6/http-2.0.6.tgz",
      "integrity": "sha512-T/Ycp04s8PwCAZE9qaOsqV2lSP+LbtvPdl6G8bcgaRSlvVU9wTJIatGXndTZq80YKf9UVRPvGnNRdTW7uZoTtw=="
    },
    "@types/com.vmware.pscoe.library.ts.logging": {
      "version": "file:../../../../Users/stanimirt/.m2/repository/com/vmware/pscoe/library/ts/logging/2.1.0/logging-2.1.0.tgz",
      "integrity": "sha512-fR+SweWgKXCdEYj5LYrtBueqWl3xu4MG7UjTM9Xbz3s5FBITafGE+4lk7cd16XJO6ZoDW4OMIFCtoAE488pTkw=="
    },
    "@types/com.vmware.pscoe.library.ts.mock": {
      "version": "file:../../../../Users/stanimirt/.m2/repository/com/vmware/pscoe/library/ts/mock/2.0.3/mock-2.0.3.tgz",
      "integrity": "sha512-JDmkJ+3FXCHp9l2SEJIBz5h9igoI6No+KZi2aTsJDIoziq2kR7FJWy3REG6d3tZI7K+rBjj98OMZ/7+0KE+Rng=="
    },
    "@types/com.vmware.pscoe.library.ts.mock.rest": {
      "version": "file:../../../../Users/stanimirt/.m2/repository/com/vmware/pscoe/library/ts/mock.rest/2.0.2/mock.rest-2.0.2.tgz",
      "integrity": "sha512-SF5JRU5bD2C/4rAPkcoeIrEhkeSnpzlOok+Au9Wj9qA4vmfctJ5TTdiUiMSI5ssnC+nej42kF5iQ81mE1gUXoQ=="
    },
    "@types/com.vmware.pscoe.library.ts.util": {
      "version": "file:../../../../Users/stanimirt/.m2/repository/com/vmware/pscoe/library/ts/util/2.1.3/util-2.1.3.tgz",
      "integrity": "sha512-WjvVO6Qmo8//WwceqPdeXWVXzePODJOOrNmCvsxNqPd8nOlQE07KuOmaiRzCaZE8BmJYq1c+AVhN9uzkgKh35g=="
    },
    "@types/com.vmware.pscoe.library.ts.vra.authentication": {
      "version": "file:../../../../Users/stanimirt/.m2/repository/com/vmware/pscoe/library/ts/vra/authentication/2.0.3/authentication-2.0.3.tgz",
      "integrity": "sha512-9TxlMJ1+4YmVqvY/q42VDFYLLIbypcWhqlrv5EA65L9QU/GoB5X9CJoQlUbpzhSGkGCXtbg0P5GZWngl6ae6lQ=="
    },
    "@types/com.vmware.pscoe.library.ts.yaml": {
      "version": "file:../../../../Users/stanimirt/.m2/repository/com/vmware/pscoe/library/ts/yaml/1.0.0/yaml-1.0.0.tgz",
      "integrity": "sha512-LJiekhaQBEDI668LY1jnDHA7BV+fEXzkSQlCvEHNuaXjRPY78XSRJR9KB4VlBI6ziiom6uPZKWlA95k9VBIVOA=="
    },
    "@types/com.vmware.pscoe.ts.vra.iaas": {
      "version": "file:../../../../Users/stanimirt/.m2/repository/com/vmware/pscoe/ts/vra/iaas/2.0.1/iaas-2.0.1.tgz",
      "integrity": "sha512-hjWmOitbzURqltKS/9a952paBNNj6gY/IJMAe3dzPZQ7SZrA/sKX+DRTe0a1dRzXGwRUx8xThs3T6kyVyXZGmg=="
    },
    "@types/com.vmware.pscoe.ts.vra.identity": {
      "version": "file:../../../../Users/stanimirt/.m2/repository/com/vmware/pscoe/ts/vra/identity/2.0.3/identity-2.0.3.tgz",
      "integrity": "sha512-N6h0GXKJ9QrPS2rOgYnD2AALSONb7iK2LXKP42Pmb+n39ygXM8i6sIB87b8s83EUd7Ec0LctGMk6jUgsEqnw4A=="
    },
    "@types/ecmascript": {
      "version": "file:../../../../Users/stanimirt/.m2/repository/com/vmware/pscoe/ts/ecmascript/7.0.13/ecmascript-7.0.13.tgz",
      "integrity": "sha512-OmzPunR3OkbFWz0odi/ESGl//TbTHpEfPq6FWPNcL2T7wp2SPtz6j642kOzyms2wn3jlfJm0BoUjniwBqhy7AQ=="
    },
    "@types/jasmine": {
      "version": "file:../../../../Users/stanimirt/.m2/repository/com/vmware/pscoe/ts/jasmine/7.0.13/jasmine-7.0.13.tgz",
      "integrity": "sha512-ZeBULkU9aKSci6w6TaJ+PCHAuUL+jJHYEatuYm6fN1Am9UNlNtnR2mC8sWDrnncQdXA1jwW1qvuISeJZIe9xBQ=="
    },
    "@types/node": {
      "version": "file:../../../../Users/stanimirt/.m2/repository/com/vmware/pscoe/ts/node/7.0.13/node-7.0.13.tgz",
      "integrity": "sha512-WJ+KpcmkXCCLOUFepOh25ciHB2l3JQO8l1fm791zLmrgafUA51aglHsZCxjm+JDdGuabrfNyLx+WJZjIU+ZZ4Q=="
    },
    "@types/o11n-core": {
      "version": "file:../../../../Users/stanimirt/.m2/repository/com/vmware/pscoe/ts/o11n-core/7.0.13/o11n-core-7.0.13.tgz",
      "integrity": "sha512-2LysRdzHOScXrsvmCEauq/i8lnYY89FvFvzhmqB1247BQw9tfacYsZg6lpG/jqKtxcDdDJg3Mpn9wBOlL6T/MA=="
    },
    "@types/o11n-plugin-activedirectory": {
      "version": "file:../../../../Users/stanimirt/.m2/repository/com/vmware/pscoe/ts/o11n-plugin-activedirectory/7.0.13/o11n-plugin-activedirectory-7.0.13.tgz",
      "integrity": "sha512-B0bfmWu/X8xE7Z0AoTFJPoXRfc+PInnb7UiCkaSaClxKpOb2t8HaMkGkbKkf0wSJWX2vzj9P53jMLLuajbMl7A=="
    },
    "@types/o11n-plugin-amqp": {
      "version": "file:../../../../Users/stanimirt/.m2/repository/com/vmware/pscoe/ts/o11n-plugin-amqp/7.0.13/o11n-plugin-amqp-7.0.13.tgz",
      "integrity": "sha512-ILumTlQ0uZi3YU08ZHzC9aspB4DizRnqhFXE4/E4g5ZnT0h0AEOw2mGbOzomsW5cVQ+aj0/733fsQ9jhX4oTtA=="
    },
    "@types/o11n-plugin-apic": {
      "version": "file:../../../../Users/stanimirt/.m2/repository/com/vmware/pscoe/ts/o11n-plugin-apic/7.0.13/o11n-plugin-apic-7.0.13.tgz",
      "integrity": "sha512-jBaA3bNEORxGZfhABvRbymlaJkXpr5YCU4tHe3F+weOB5B2O0J6WFOOPCdYstJ36flgHkXq7q92lTkWGh1Thvg=="
    },
    "@types/o11n-plugin-azure": {
      "version": "file:../../../../Users/stanimirt/.m2/repository/com/vmware/pscoe/ts/o11n-plugin-azure/7.0.13/o11n-plugin-azure-7.0.13.tgz",
      "integrity": "sha512-3LkY+TkHoH9rIZFbnFQdpaq2xJv//Mpe0+Bf5uVjUlKChY+VBe+dFTj+BAVJRksjSN3MFO0Y2eqMJMZkUz78+A=="
    },
    "@types/o11n-plugin-dynamictypes": {
      "version": "file:../../../../Users/stanimirt/.m2/repository/com/vmware/pscoe/ts/o11n-plugin-dynamictypes/7.0.13/o11n-plugin-dynamictypes-7.0.13.tgz",
      "integrity": "sha512-WueVIsQ3KlYXDSZms4PjkenBPt7VFHtG4uKEU2rq145QfrLXRhUAj4CcOGZu794l5+i5xHNKs0yBFgClPV4+Lg=="
    },
    "@types/o11n-plugin-mail": {
      "version": "file:../../../../Users/stanimirt/.m2/repository/com/vmware/pscoe/ts/o11n-plugin-mail/7.0.13/o11n-plugin-mail-7.0.13.tgz",
      "integrity": "sha512-jx1+NtI9ViovvgtrsVyUiaaLuxA6P4fesxPL0U69RqwDCBOuqOYFmP6WCvNiY41zs4b6PzDIUXiUXya2bIXctA=="
    },
    "@types/o11n-plugin-net": {
      "version": "file:../../../../Users/stanimirt/.m2/repository/com/vmware/pscoe/ts/o11n-plugin-net/7.0.13/o11n-plugin-net-7.0.13.tgz",
      "integrity": "sha512-z/+n8Thsm/WznPPg6bC4Z47rYxLZSglnwYXmpbmBc9kH1e7/WkC7REoern8QDsTBxxhsO+8i9euyIeeR9RMPhA=="
    },
    "@types/o11n-plugin-nsx": {
      "version": "file:../../../../Users/stanimirt/.m2/repository/com/vmware/pscoe/ts/o11n-plugin-nsx/7.0.13/o11n-plugin-nsx-7.0.13.tgz",
      "integrity": "sha512-yx2Vwac2WebqLQeQIl/wkfhctTfMyUQE9XT05ctW1pMZwAxIUUbJJX6C+TbmME+06XsDC+A4/YEvip4/zLOXyQ=="
    },
    "@types/o11n-plugin-powershell": {
      "version": "file:../../../../Users/stanimirt/.m2/repository/com/vmware/pscoe/ts/o11n-plugin-powershell/7.0.13/o11n-plugin-powershell-7.0.13.tgz",
      "integrity": "sha512-vRAUU/j/UW1y8cqQi3D5YdoEv9gVrTuS65tYUQc6E/3lxHANJHAEvBaotqaCKGP5gnMCCVhCXXuwyMBcZrfSsA=="
    },
    "@types/o11n-plugin-rest": {
      "version": "file:../../../../Users/stanimirt/.m2/repository/com/vmware/pscoe/ts/o11n-plugin-rest/7.0.13/o11n-plugin-rest-7.0.13.tgz",
      "integrity": "sha512-6ECPfsdLR5wl63Vgfs5bi8uJO3PvV0foFiPC15PNzyZq6TH75VE8ywzhTP10gHJ0O5cm6NFAcCg41Bs60qCFvA=="
    },
    "@types/o11n-plugin-snmp": {
      "version": "file:../../../../Users/stanimirt/.m2/repository/com/vmware/pscoe/ts/o11n-plugin-snmp/7.0.13/o11n-plugin-snmp-7.0.13.tgz",
      "integrity": "sha512-whk5XabRLCElaRFRLpxAVuZ9vK+FRerGzRNTorAn3zA9CHOHxYG3AHvdYf55KFoXBb0dPBBY2DWhh8EzaC7nCA=="
    },
    "@types/o11n-plugin-soap": {
      "version": "file:../../../../Users/stanimirt/.m2/repository/com/vmware/pscoe/ts/o11n-plugin-soap/7.0.13/o11n-plugin-soap-7.0.13.tgz",
      "integrity": "sha512-Hph+61u2tzNIEjZrHxmlKbu5n0RGaXUrhRuuOjn8uM4bH7tA6+m6BrzkK4AtuIykcqw3ZUefM1LH/bnjKRL9aA=="
    },
    "@types/o11n-plugin-sql": {
      "version": "file:../../../../Users/stanimirt/.m2/repository/com/vmware/pscoe/ts/o11n-plugin-sql/7.0.13/o11n-plugin-sql-7.0.13.tgz",
      "integrity": "sha512-iE818ZpO2AFouB5Rm/uBBoNWXP4EGI8CVPCN6qWJ2VLIo9mvnowBX6qbMwBbAwUXO0F25xpafJZrcp/FEdNbCw=="
    },
    "@types/o11n-plugin-ssh": {
      "version": "file:../../../../Users/stanimirt/.m2/repository/com/vmware/pscoe/ts/o11n-plugin-ssh/7.0.13/o11n-plugin-ssh-7.0.13.tgz",
      "integrity": "sha512-llLCHGgOToEMEC3nnIc5yVPSAkdLW09Mwyk8WDV7TCXVHYrX6c1VE9gkc/nZjUydYytB8tpZXHiLpoC0eIaQZA=="
    },
    "@types/o11n-plugin-vapi": {
      "version": "file:../../../../Users/stanimirt/.m2/repository/com/vmware/pscoe/ts/o11n-plugin-vapi/7.0.13/o11n-plugin-vapi-7.0.13.tgz",
      "integrity": "sha512-Gf0J/Ri8MslfP4R6jo479V4ROz16qcvKeMpMVBIA6Kd1dmHpy/acyQlH4C5oOyW7pT5n7bFKp39w51GJXqABqA=="
    },
    "@types/o11n-plugin-vc": {
      "version": "file:../../../../Users/stanimirt/.m2/repository/com/vmware/pscoe/ts/o11n-plugin-vc/7.0.13/o11n-plugin-vc-7.0.13.tgz",
      "integrity": "sha512-V/hvHRFmACx89LoypaOJc8tdOHPshdFygD7w8fuue4hgBL1PzWydz9ULvsG3zXEZe26HYivfc8azf9ltxQ2Pww=="
    },
    "@types/o11n-plugin-vcac": {
      "version": "file:../../../../Users/stanimirt/.m2/repository/com/vmware/pscoe/ts/o11n-plugin-vcac/7.0.13/o11n-plugin-vcac-7.0.13.tgz",
      "integrity": "sha512-KjqC2XyiD2hTtM+ZoxS5PDv4ihl5X2RqvlahlZzSg037ucCyNPNdY80Tr+boKz6IfyKmVkB61W6WtloPefBOtw=="
    },
    "@types/o11n-plugin-vcaccafe": {
      "version": "file:../../../../Users/stanimirt/.m2/repository/com/vmware/pscoe/ts/o11n-plugin-vcaccafe/7.0.13/o11n-plugin-vcaccafe-7.0.13.tgz",
      "integrity": "sha512-9Fj//85Q9xKTcElAlVSmYJJYZkCb8b0eEBpSR7XKK9PQ2X4ZGGQ32/H8el+FLjUP7KQsdYCc4J6ZgRCQ5/xa4w=="
    },
    "@types/o11n-plugin-vcloud": {
      "version": "file:../../../../Users/stanimirt/.m2/repository/com/vmware/pscoe/ts/o11n-plugin-vcloud/7.0.13/o11n-plugin-vcloud-7.0.13.tgz",
      "integrity": "sha512-GZBo4VCVM+RJJ5Gyc9nBUafIEAMpUeHz0GwnL4e95prR/CUj2+MkKJfG5dQyfGlZ/1TzVb3q3ezEHG019sKNTA=="
    },
    "@types/o11n-plugin-vco": {
      "version": "file:../../../../Users/stanimirt/.m2/repository/com/vmware/pscoe/ts/o11n-plugin-vco/7.0.13/o11n-plugin-vco-7.0.13.tgz",
      "integrity": "sha512-p2bmN9oP16h7pcy+BsFa6wwtEAb05EVqY8litq3q5sb2pOE7vnryOxVpsZxN0LXmdTD0JdE/BJf5iWIB/XC4nQ=="
    },
    "@types/o11n-plugin-xml": {
      "version": "file:../../../../Users/stanimirt/.m2/repository/com/vmware/pscoe/ts/o11n-plugin-xml/7.0.13/o11n-plugin-xml-7.0.13.tgz",
      "integrity": "sha512-FHNztxI1Tv3N5S7OpnIFX9gELgGjOOE4/LzdUaUJF1FL9P2Gq7122Lb9yRQWzLGIySLCjX1oEyQ38ILRDF1QRQ=="
    },
    "@types/vrotsc-annotations": {
      "version": "file:../../../../Users/stanimirt/.m2/repository/com/vmware/pscoe/ts/vrotsc-annotations/2.12.4/vrotsc-annotations-2.12.4.tgz",
      "integrity": "sha512-/Ne7VnDby976zugAPvB1vPFQ6zfMUlaSLWCVxF0In6HPNMzFw2Vl1SdmVbk1+ao5t7eg9F7c2vXG9gfbK1K9Lw=="
    },
    "@vmware-pscoe/vrotsc": {
      "version": "file:../../../../Users/stanimirt/.m2/repository/com/vmware/pscoe/iac/vrotsc/2.12.4/vrotsc-2.12.4.tgz",
      "integrity": "sha512-R6+2qpl/1aIvf+i+DJlDgBAFlD5zCrhS+A3DVs3201ZiKGG7wJJQO2YZOhHa5pyanVi4Ig8bnb4QOdcQ8caLPw=="
    }
  }
}
